github.com/wii-tools/lzx v0.0.0-20221114001118-aaec5e424e43 h1:woCmRIngzz1fcUDj+1at7h9EW1Os8SK0tbOh4WEoyPQ=
github.com/wii-tools/lzx v0.0.0-20221114001118-aaec5e424e43/go.mod h1:ufCQJfNwbD5fkg6jHpw69vc5opbc42TePvnloMFYbmY=
golang.org/x/image v0.18.0 h1:jGzIakQa/ZXI1I0Fxvaa9W7yP25TqT6cHIHn+6CqvSQ=
golang.org/x/image v0.18.0/go.mod h1:4yyo5vMFQjVjUcVk4jEQcU9MGy/rulF5WvUILseCM2E=
